
Microsoft Visual Studio Solution File, Format Version 12.00
# Visual Studio 15
VisualStudioVersion = 15.0.28010.0
MinimumVisualStudioVersion = 10.0.40219.1
Project("{FAE04EC0-301F-11D3-BF4B-00C04F79EFBC}") = "CustomActivatableEquipment", "ActivatableEquipment\CustomActivatableEquipment.csproj", "{014D4AE8-B2F3-4378-B063-F6FB2AC00257}"
EndProject
Global
	GlobalSection(SolutionConfigurationPlatforms) = preSolution
		Debug|Any CPU = Debug|Any CPU
		Release|Any CPU = Release|Any CPU
	EndGlobalSection
	GlobalSection(ProjectConfigurationPlatforms) = postSolution
		{014D4AE8-B2F3-4378-B063-F6FB2AC00257}.Debug|Any CPU.ActiveCfg = Debug|Any CPU
		{014D4AE8-B2F3-4378-B063-F6FB2AC00257}.Debug|Any CPU.Build.0 = Debug|Any CPU
		{014D4AE8-B2F3-4378-B063-F6FB2AC00257}.Release|Any CPU.ActiveCfg = Release|Any CPU
		{014D4AE8-B2F3-4378-B063-F6FB2AC00257}.Release|Any CPU.Build.0 = Release|Any CPU
	EndGlobalSection
	GlobalSection(SolutionProperties) = preSolution
		HideSolutionNode = FALSE
	EndGlobalSection
	GlobalSection(ExtensibilityGlobals) = postSolution
		SolutionGuid = {13446F71-12B8-4326-9F62-7C1A1B31EE23}
	EndGlobalSection
EndGlobal
